{
  "name": "package-lock",
  "version": "1.0.0",
  "lockfileVersion": 1,
  "requires": true,
  "dependencies": {
    "learn-npm-pkg-a": {
      "version": "2.0.2",
      "resolved": "https://registry.npmjs.org/learn-npm-pkg-a/-/learn-npm-pkg-a-2.0.2.tgz",
      "integrity": "sha512-zJXmAR3oIYE2nIHj2qofQ1x4KDBMh8hnl6HXOVmx8KirPJD4PNmagx3mOukUOP7jd0i0/YbS9GK9yMALe0kaPg=="
    },
    "learn-npm-pkg-b": {
      "version": "1.0.2",
      "resolved": "https://registry.npmjs.org/learn-npm-pkg-b/-/learn-npm-pkg-b-1.0.2.tgz",
      "integrity": "sha512-VVqrq6PL2Nex7SsVHiV+9gXe1fO2GM+k3LnqBS9Swrx3RJ9TtQxVuiVVseT7G8xB+I1cuwrRKyJdPETc8YS7yA==",
      "requires": {
        "learn-npm-pkg-a": "^1.0.0"
      },
      "dependencies": {
        "learn-npm-pkg-a": {
          "version": "1.0.2",
          "resolved": "https://registry.npmjs.org/learn-npm-pkg-a/-/learn-npm-pkg-a-1.0.2.tgz",
          "integrity": "sha512-Ky8Cx1ojfH2iXXvv4QbrK06bl/iuqHRXTUD+/bj5x8cLzTBHY9wWYdnavsTLQl4aD22mzE8ndW16gNIwSWqrUw=="
        }
      }
    }
  }
}
