# THIS IS AN AUTOGENERATED FILE. DO NOT EDIT THIS FILE DIRECTLY.
# yarn lockfile v1


learn-npm-pkg-a@^2.0.0:
  version "2.0.2"
  resolved "https://registry.yarnpkg.com/learn-npm-pkg-a/-/learn-npm-pkg-a-2.0.2.tgz#54e1e169725ff3c498f73f9088f22adc16d172ab"
  integrity sha512-zJXmAR3oIYE2nIHj2qofQ1x4KDBMh8hnl6HXOVmx8KirPJD4PNmagx3mOukUOP7jd0i0/YbS9GK9yMALe0kaPg==

learn-npm-pkg-b@2.0.0:
  version "2.0.0"
  resolved "https://registry.yarnpkg.com/learn-npm-pkg-b/-/learn-npm-pkg-b-2.0.0.tgz#6a8203bd4451feb52f525657a0a9524cafd23edd"
  integrity sha512-iyNN3QVdQyuH/ZaII7Tv8KLvB0q73oWV0XFi9+E+vZUM2FVb4WgC1+S/0fENOQ9YmLUX5Wbk3q+KWH+B2YjZzA==
  dependencies:
    learn-npm-pkg-c "^2.0.0"

learn-npm-pkg-c@^2.0.0:
  version "2.0.0"
  resolved "https://registry.yarnpkg.com/learn-npm-pkg-c/-/learn-npm-pkg-c-2.0.0.tgz#8a40e1127d05cdd7e3e8b47ffca8e6a2815694f9"
  integrity sha512-j9rDO7W90EUvHcIZ2U7hTGAb0fdFjQ44OwLkf90XmDAt1CpdSjnV6MsJXMEiQwL1yOonklnwd+L29CwnO3aLBw==
